
Microsoft Visual Studio Solution File, Format Version 12.00
# Visual Studio Version 17
VisualStudioVersion = 17.1.32210.238
MinimumVisualStudioVersion = 10.0.40219.1
Project("{9A19103F-16F7-4668-BE54-9A1E7A4F7556}") = "ClosedXmlDemo", "ClosedXmlDemo\ClosedXmlDemo.csproj", "{070DD903-3775-46DE-A8E0-F94F2D874853}"
EndProject
Global
	GlobalSection(SolutionConfigurationPlatforms) = preSolution
		Debug|Any CPU = Debug|Any CPU
		Release|Any CPU = Release|Any CPU
	EndGlobalSection
	GlobalSection(ProjectConfigurationPlatforms) = postSolution
		{070DD903-3775-46DE-A8E0-F94F2D874853}.Debug|Any CPU.ActiveCfg = Debug|Any CPU
		{070DD903-3775-46DE-A8E0-F94F2D874853}.Debug|Any CPU.Build.0 = Debug|Any CPU
		{070DD903-3775-46DE-A8E0-F94F2D874853}.Release|Any CPU.ActiveCfg = Release|Any CPU
		{070DD903-3775-46DE-A8E0-F94F2D874853}.Release|Any CPU.Build.0 = Release|Any CPU
	EndGlobalSection
	GlobalSection(SolutionProperties) = preSolution
		HideSolutionNode = FALSE
	EndGlobalSection
	GlobalSection(ExtensibilityGlobals) = postSolution
		SolutionGuid = {E11B6315-32FC-4984-BD0D-8A68E6859829}
	EndGlobalSection
EndGlobal
